// !$*UTF8*$!
{
	archiveVersion = 1;
	classes = {
	};
	objectVersion = 50;
	objects = {

/* Begin PBXBuildFile section */
		BE58C6882186D554000047AD /* AppDelegate.swift in Sources */ = {isa = PBXBuildFile; fileRef = BE58C6872186D554000047AD /* AppDelegate.swift */; };
		BE58C68A2186D554000047AD /* ViewController.swift in Sources */ = {isa = PBXBuildFile; fileRef = BE58C6892186D554000047AD /* ViewController.swift */; };
		BE58C68D2186D554000047AD /* Main.storyboard in Resources */ = {isa = PBXBuildFile; fileRef = BE58C68B2186D554000047AD /* Main.storyboard */; };
		BE58C68F2186D556000047AD /* Assets.xcassets in Resources */ = {isa = PBXBuildFile; fileRef = BE58C68E2186D556000047AD /* Assets.xcassets */; };
		BE58C6922186D556000047AD /* LaunchScreen.storyboard in Resources */ = {isa = PBXBuildFile; fileRef = BE58C6902186D556000047AD /* LaunchScreen.storyboard */; };
		BE58C69D2186D556000047AD /* todo_portfolioTests.swift in Sources */ = {isa = PBXBuildFile; fileRef = BE58C69C2186D556000047AD /* todo_portfolioTests.swift */; };
		BE58C6A82186D556000047AD /* todo_portfolioUITests.swift in Sources */ = {isa = PBXBuildFile; fileRef = BE58C6A72186D556000047AD /* todo_portfolioUITests.swift */; };
/* End PBXBuildFile section */

/* Begin PBXContainerItemProxy section */
		BE58C6992186D556000047AD /* PBXContainerItemProxy */ = {
			isa = PBXContainerItemProxy;
			containerPortal = BE58C67C2186D554000047AD /* Project object */;
			proxyType = 1;
			remoteGlobalIDString = BE58C6832186D554000047AD;
			remoteInfo = todo_portfolio;
		};
		BE58C6A42186D556000047AD /* PBXContainerItemProxy */ = {
			isa = PBXContainerItemProxy;
			containerPortal = BE58C67C2186D554000047AD /* Project object */;
			proxyType = 1;
			remoteGlobalIDString = BE58C6832186D554000047AD;
			remoteInfo = todo_portfolio;
		};
/* End PBXContainerItemProxy section */

/* Begin PBXFileReference section */
		BE58C6842186D554000047AD /* todo_portfolio.app */ = {isa = PBXFileReference; explicitFileType = wrapper.application; includeInIndex = 0; path = todo_portfolio.app; sourceTree = BUILT_PRODUCTS_DIR; };
		BE58C6872186D554000047AD /* AppDelegate.swift */ = {isa = PBXFileReference; lastKnownFileType = sourcecode.swift; path = AppDelegate.swift; sourceTree = "<group>"; };
		BE58C6892186D554000047AD /* ViewController.swift */ = {isa = PBXFileReference; lastKnownFileType = sourcecode.swift; path = ViewController.swift; sourceTree = "<group>"; };
		BE58C68C2186D554000047AD /* Base */ = {isa = PBXFileReference; lastKnownFileType = file.storyboard; name = Base; path = Base.lproj/Main.storyboard; sourceTree = "<group>"; };
		BE58C68E2186D556000047AD /* Assets.xcassets */ = {isa = PBXFileReference; lastKnownFileType = folder.assetcatalog; path = Assets.xcassets; sourceTree = "<group>"; };
		BE58C6912186D556000047AD /* Base */ = {isa = PBXFileReference; lastKnownFileType = file.storyboard; name = Base; path = Base.lproj/LaunchScreen.storyboard; sourceTree = "<group>"; };
		BE58C6932186D556000047AD /* Info.plist */ = {isa = PBXFileReference; lastKnownFileType = text.plist.xml; path = Info.plist; sourceTree = "<group>"; };
		BE58C6982186D556000047AD /* todo_portfolioTests.xctest */ = {isa = PBXFileReference; explicitFileType = wrapper.cfbundle; includeInIndex = 0; path = todo_portfolioTests.xctest; sourceTree = BUILT_PRODUCTS_DIR; };
		BE58C69C2186D556000047AD /* todo_portfolioTests.swift */ = {isa = PBXFileReference; lastKnownFileType = sourcecode.swift; path = todo_portfolioTests.swift; sourceTree = "<group>"; };
		BE58C69E2186D556000047AD /* Info.plist */ = {isa = PBXFileReference; lastKnownFileType = text.plist.xml; path = Info.plist; sourceTree = "<group>"; };
		BE58C6A32186D556000047AD /* todo_portfolioUITests.xctest */ = {isa = PBXFileReference; explicitFileType = wrapper.cfbundle; includeInIndex = 0; path = todo_portfolioUITests.xctest; sourceTree = BUILT_PRODUCTS_DIR; };
		BE58C6A72186D556000047AD /* todo_portfolioUITests.swift */ = {isa = PBXFileReference; lastKnownFileType = sourcecode.swift; path = todo_portfolioUITests.swift; sourceTree = "<group>"; };
		BE58C6A92186D556000047AD /* Info.plist */ = {isa = PBXFileReference; lastKnownFileType = text.plist.xml; path = Info.plist; sourceTree = "<group>"; };
/* End PBXFileReference section */

/* Begin PBXFrameworksBuildPhase section */
		BE58C6812186D554000047AD /* Frameworks */ = {
			isa = PBXFrameworksBuildPhase;
			buildActionMask = 2147483647;
			files = (
			);
			runOnlyForDeploymentPostprocessing = 0;
		};
		BE58C6952186D556000047AD /* Frameworks */ = {
			isa = PBXFrameworksBuildPhase;
			buildActionMask = 2147483647;
			files = (
			);
			runOnlyForDeploymentPostprocessing = 0;
		};
		BE58C6A02186D556000047AD /* Frameworks */ = {
			isa = PBXFrameworksBuildPhase;
			buildActionMask = 2147483647;
			files = (
			);
			runOnlyForDeploymentPostprocessing = 0;
		};
/* End PBXFrameworksBuildPhase section */

/* Begin PBXGroup section */
		BE58C67B2186D554000047AD = {
			isa = PBXGroup;
			children = (
				BE58C6862186D554000047AD /* todo_portfolio */,
				BE58C69B2186D556000047AD /* todo_portfolioTests */,
				BE58C6A62186D556000047AD /* todo_portfolioUITests */,
				BE58C6852186D554000047AD /* Products */,
			);
			sourceTree = "<group>";
		};
		BE58C6852186D554000047AD /* Products */ = {
			isa = PBXGroup;
			children = (
				BE58C6842186D554000047AD /* todo_portfolio.app */,
				BE58C6982186D556000047AD /* todo_portfolioTests.xctest */,
				BE58C6A32186D556000047AD /* todo_portfolioUITests.xctest */,
			);
			name = Products;
			sourceTree = "<group>";
		};
		BE58C6862186D554000047AD /* todo_portfolio */ = {
			isa = PBXGroup;
			children = (
				BE58C6872186D554000047AD /* AppDelegate.swift */,
				BE58C6892186D554000047AD /* ViewController.swift */,
				BE58C68B2186D554000047AD /* Main.storyboard */,
				BE58C68E2186D556000047AD /* Assets.xcassets */,
				BE58C6902186D556000047AD /* LaunchScreen.storyboard */,
				BE58C6932186D556000047AD /* Info.plist */,
			);
			path = todo_portfolio;
			sourceTree = "<group>";
		};
		BE58C69B2186D556000047AD /* todo_portfolioTests */ = {
			isa = PBXGroup;
			children = (
				BE58C69C2186D556000047AD /* todo_portfolioTests.swift */,
				BE58C69E2186D556000047AD /* Info.plist */,
			);
			path = todo_portfolioTests;
			sourceTree = "<group>";
		};
		BE58C6A62186D556000047AD /* todo_portfolioUITests */ = {
			isa = PBXGroup;
			children = (
				BE58C6A72186D556000047AD /* todo_portfolioUITests.swift */,
				BE58C6A92186D556000047AD /* Info.plist */,
			);
			path = todo_portfolioUITests;
			sourceTree = "<group>";
		};
/* End PBXGroup section */

/* Begin PBXNativeTarget section */
		BE58C6832186D554000047AD /* todo_portfolio */ = {
			isa = PBXNativeTarget;
			buildConfigurationList = BE58C6AC2186D556000047AD /* Build configuration list for PBXNativeTarget "todo_portfolio" */;
			buildPhases = (
				BE58C6802186D554000047AD /* Sources */,
				BE58C6812186D554000047AD /* Frameworks */,
				BE58C6822186D554000047AD /* Resources */,
			);
			buildRules = (
			);
			dependencies = (
			);
			name = todo_portfolio;
			productName = todo_portfolio;
			productReference = BE58C6842186D554000047AD /* todo_portfolio.app */;
			productType = "com.apple.product-type.application";
		};
		BE58C6972186D556000047AD /* todo_portfolioTests */ = {
			isa = PBXNativeTarget;
			buildConfigurationList = BE58C6AF2186D556000047AD /* Build configuration list for PBXNativeTarget "todo_portfolioTests" */;
			buildPhases = (
				BE58C6942186D556000047AD /* Sources */,
				BE58C6952186D556000047AD /* Frameworks */,
				BE58C6962186D556000047AD /* Resources */,
			);
			buildRules = (
			);
			dependencies = (
				BE58C69A2186D556000047AD /* PBXTargetDependency */,
			);
			name = todo_portfolioTests;
			productName = todo_portfolioTests;
			productReference = BE58C6982186D556000047AD /* todo_portfolioTests.xctest */;
			productType = "com.apple.product-type.bundle.unit-test";
		};
		BE58C6A22186D556000047AD /* todo_portfolioUITests */ = {
			isa = PBXNativeTarget;
			buildConfigurationList = BE58C6B22186D556000047AD /* Build configuration list for PBXNativeTarget "todo_portfolioUITests" */;
			buildPhases = (
				BE58C69F2186D556000047AD /* Sources */,
				BE58C6A02186D556000047AD /* Frameworks */,
				BE58C6A12186D556000047AD /* Resources */,
			);
			buildRules = (
			);
			dependencies = (
				BE58C6A52186D556000047AD /* PBXTargetDependency */,
			);
			name = todo_portfolioUITests;
			productName = todo_portfolioUITests;
			productReference = BE58C6A32186D556000047AD /* todo_portfolioUITests.xctest */;
			productType = "com.apple.product-type.bundle.ui-testing";
		};
/* End PBXNativeTarget section */

/* Begin PBXProject section */
		BE58C67C2186D554000047AD /* Project object */ = {
			isa = PBXProject;
			attributes = {
				LastSwiftUpdateCheck = 1000;
				LastUpgradeCheck = 1000;
				ORGANIZATIONNAME = KM_TM;
				TargetAttributes = {
					BE58C6832186D554000047AD = {
						CreatedOnToolsVersion = 10.0;
					};
					BE58C6972186D556000047AD = {
						CreatedOnToolsVersion = 10.0;
						TestTargetID = BE58C6832186D554000047AD;
					};
					BE58C6A22186D556000047AD = {
						CreatedOnToolsVersion = 10.0;
						TestTargetID = BE58C6832186D554000047AD;
					};
				};
			};
			buildConfigurationList = BE58C67F2186D554000047AD /* Build configuration list for PBXProject "todo_portfolio" */;
			compatibilityVersion = "Xcode 9.3";
			developmentRegion = en;
			hasScannedForEncodings = 0;
			knownRegions = (
				en,
				Base,
			);
			mainGroup = BE58C67B2186D554000047AD;
			productRefGroup = BE58C6852186D554000047AD /* Products */;
			projectDirPath = "";
			projectRoot = "";
			targets = (
				BE58C6832186D554000047AD /* todo_portfolio */,
				BE58C6972186D556000047AD /* todo_portfolioTests */,
				BE58C6A22186D556000047AD /* todo_portfolioUITests */,
			);
		};
/* End PBXProject section */

/* Begin PBXResourcesBuildPhase section */
		BE58C6822186D554000047AD /* Resources */ = {
			isa = PBXResourcesBuildPhase;
			buildActionMask = 2147483647;
			files = (
				BE58C6922186D556000047AD /* LaunchScreen.storyboard in Resources */,
				BE58C68F2186D556000047AD /* Assets.xcassets in Resources */,
				BE58C68D2186D554000047AD /* Main.storyboard in Resources */,
			);
			runOnlyForDeploymentPostprocessing = 0;
		};
		BE58C6962186D556000047AD /* Resources */ = {
			isa = PBXResourcesBuildPhase;
			buildActionMask = 2147483647;
			files = (
			);
			runOnlyForDeploymentPostprocessing = 0;
		};
		BE58C6A12186D556000047AD /* Resources */ = {
			isa = PBXResourcesBuildPhase;
			buildActionMask = 2147483647;
			files = (
			);
			runOnlyForDeploymentPostprocessing = 0;
		};
/* End PBXResourcesBuildPhase section */

/* Begin PBXSourcesBuildPhase section */
		BE58C6802186D554000047AD /* Sources */ = {
			isa = PBXSourcesBuildPhase;
			buildActionMask = 2147483647;
			files = (
				BE58C68A2186D554000047AD /* ViewController.swift in Sources */,
				BE58C6882186D554000047AD /* AppDelegate.swift in Sources */,
			);
			runOnlyForDeploymentPostprocessing = 0;
		};
		BE58C6942186D556000047AD /* Sources */ = {
			isa = PBXSourcesBuildPhase;
			buildActionMask = 2147483647;
			files = (
				BE58C69D2186D556000047AD /* todo_portfolioTests.swift in Sources */,
			);
			runOnlyForDeploymentPostprocessing = 0;
		};
		BE58C69F2186D556000047AD /* Sources */ = {
			isa = PBXSourcesBuildPhase;
			buildActionMask = 2147483647;
			files = (
				BE58C6A82186D556000047AD /* todo_portfolioUITests.swift in Sources */,
			);
			runOnlyForDeploymentPostprocessing = 0;
		};
/* End PBXSourcesBuildPhase section */

/* Begin PBXTargetDependency section */
		BE58C69A2186D556000047AD /* PBXTargetDependency */ = {
			isa = PBXTargetDependency;
			target = BE58C6832186D554000047AD /* todo_portfolio */;
			targetProxy = BE58C6992186D556000047AD /* PBXContainerItemProxy */;
		};
		BE58C6A52186D556000047AD /* PBXTargetDependency */ = {
			isa = PBXTargetDependency;
			target = BE58C6832186D554000047AD /* todo_portfolio */;
			targetProxy = BE58C6A42186D556000047AD /* PBXContainerItemProxy */;
		};
/* End PBXTargetDependency section */

/* Begin PBXVariantGroup section */
		BE58C68B2186D554000047AD /* Main.storyboard */ = {
			isa = PBXVariantGroup;
			children = (
				BE58C68C2186D554000047AD /* Base */,
			);
			name = Main.storyboard;
			sourceTree = "<group>";
		};
		BE58C6902186D556000047AD /* LaunchScreen.storyboard */ = {
			isa = PBXVariantGroup;
			children = (
				BE58C6912186D556000047AD /* Base */,
			);
			name = LaunchScreen.storyboard;
			sourceTree = "<group>";
		};
/* End PBXVariantGroup section */

/* Begin XCBuildConfiguration section */
		BE58C6AA2186D556000047AD /* Debug */ = {
			isa = XCBuildConfiguration;
			buildSettings = {
				ALWAYS_SEARCH_USER_PATHS = NO;
				CLANG_ANALYZER_NONNULL = YES;
				CLANG_ANALYZER_NUMBER_OBJECT_CONVERSION = YES_AGGRESSIVE;
				CLANG_CXX_LANGUAGE_STANDARD = "gnu++14";
				CLANG_CXX_LIBRARY = "libc++";
				CLANG_ENABLE_MODULES = YES;
				CLANG_ENABLE_OBJC_ARC = YES;
				CLANG_ENABLE_OBJC_WEAK = YES;
				CLANG_WARN_BLOCK_CAPTURE_AUTORELEASING = YES;
				CLANG_WARN_BOOL_CONVERSION = YES;
				CLANG_WARN_COMMA = YES;
				CLANG_WARN_CONSTANT_CONVERSION = YES;
				CLANG_WARN_DEPRECATED_OBJC_IMPLEMENTATIONS = YES;
				CLANG_WARN_DIRECT_OBJC_ISA_USAGE = YES_ERROR;
				CLANG_WARN_DOCUMENTATION_COMMENTS = YES;
				CLANG_WARN_EMPTY_BODY = YES;
				CLANG_WARN_ENUM_CONVERSION = YES;
				CLANG_WARN_INFINITE_RECURSION = YES;
				CLANG_WARN_INT_CONVERSION = YES;
				CLANG_WARN_NON_LITERAL_NULL_CONVERSION = YES;
				CLANG_WARN_OBJC_IMPLICIT_RETAIN_SELF = YES;
				CLANG_WARN_OBJC_LITERAL_CONVERSION = YES;
				CLANG_WARN_OBJC_ROOT_CLASS = YES_ERROR;
				CLANG_WARN_RANGE_LOOP_ANALYSIS = YES;
				CLANG_WARN_STRICT_PROTOTYPES = YES;
				CLANG_WARN_SUSPICIOUS_MOVE = YES;
				CLANG_WARN_UNGUARDED_AVAILABILITY = YES_AGGRESSIVE;
				CLANG_WARN_UNREACHABLE_CODE = YES;
				CLANG_WARN__DUPLICATE_METHOD_MATCH = YES;
				CODE_SIGN_IDENTITY = "iPhone Developer";
				COPY_PHASE_STRIP = NO;
				DEBUG_INFORMATION_FORMAT = dwarf;
				ENABLE_STRICT_OBJC_MSGSEND = YES;
				ENABLE_TESTABILITY = YES;
				GCC_C_LANGUAGE_STANDARD = gnu11;
				GCC_DYNAMIC_NO_PIC = NO;
				GCC_NO_COMMON_BLOCKS = YES;
				GCC_OPTIMIZATION_LEVEL = 0;
				GCC_PREPROCESSOR_DEFINITIONS = (
					"DEBUG=1",
					"$(inherited)",
				);
				GCC_WARN_64_TO_32_BIT_CONVERSION = YES;
				GCC_WARN_ABOUT_RETURN_TYPE = YES_ERROR;
				GCC_WARN_UNDECLARED_SELECTOR = YES;
				GCC_WARN_UNINITIALIZED_AUTOS = YES_AGGRESSIVE;
				GCC_WARN_UNUSED_FUNCTION = YES;
				GCC_WARN_UNUSED_VARIABLE = YES;
				IPHONEOS_DEPLOYMENT_TARGET = 12.0;
				MTL_ENABLE_DEBUG_INFO = INCLUDE_SOURCE;
				MTL_FAST_MATH = YES;
				ONLY_ACTIVE_ARCH = YES;
				SDKROOT = iphoneos;
				SWIFT_ACTIVE_COMPILATION_CONDITIONS = DEBUG;
				SWIFT_OPTIMIZATION_LEVEL = "-Onone";
			};
			name = Debug;
		};
		BE58C6AB2186D556000047AD /* Release */ = {
			isa = XCBuildConfiguration;
			buildSettings = {
				ALWAYS_SEARCH_USER_PATHS = NO;
				CLANG_ANALYZER_NONNULL = YES;
				CLANG_ANALYZER_NUMBER_OBJECT_CONVERSION = YES_AGGRESSIVE;
				CLANG_CXX_LANGUAGE_STANDARD = "gnu++14";
				CLANG_CXX_LIBRARY = "libc++";
				CLANG_ENABLE_MODULES = YES;
				CLANG_ENABLE_OBJC_ARC = YES;
				CLANG_ENABLE_OBJC_WEAK = YES;
				CLANG_WARN_BLOCK_CAPTURE_AUTORELEASING = YES;
				CLANG_WARN_BOOL_CONVERSION = YES;
				CLANG_WARN_COMMA = YES;
				CLANG_WARN_CONSTANT_CONVERSION = YES;
				CLANG_WARN_DEPRECATED_OBJC_IMPLEMENTATIONS = YES;
				CLANG_WARN_DIRECT_OBJC_ISA_USAGE = YES_ERROR;
				CLANG_WARN_DOCUMENTATION_COMMENTS = YES;
				CLANG_WARN_EMPTY_BODY = YES;
				CLANG_WARN_ENUM_CONVERSION = YES;
				CLANG_WARN_INFINITE_RECURSION = YES;
				CLANG_WARN_INT_CONVERSION = YES;
				CLANG_WARN_NON_LITERAL_NULL_CONVERSION = YES;
				CLANG_WARN_OBJC_IMPLICIT_RETAIN_SELF = YES;
				CLANG_WARN_OBJC_LITERAL_CONVERSION = YES;
				CLANG_WARN_OBJC_ROOT_CLASS = YES_ERROR;
				CLANG_WARN_RANGE_LOOP_ANALYSIS = YES;
				CLANG_WARN_STRICT_PROTOTYPES = YES;
				CLANG_WARN_SUSPICIOUS_MOVE = YES;
				CLANG_WARN_UNGUARDED_AVAILABILITY = YES_AGGRESSIVE;
				CLANG_WARN_UNREACHABLE_CODE = YES;
				CLANG_WARN__DUPLICATE_METHOD_MATCH = YES;
				CODE_SIGN_IDENTITY = "iPhone Developer";
				COPY_PHASE_STRIP = NO;
				DEBUG_INFORMATION_FORMAT = "dwarf-with-dsym";
				ENABLE_NS_ASSERTIONS = NO;
				ENABLE_STRICT_OBJC_MSGSEND = YES;
				GCC_C_LANGUAGE_STANDARD = gnu11;
				GCC_NO_COMMON_BLOCKS = YES;
				GCC_WARN_64_TO_32_BIT_CONVERSION = YES;
				GCC_WARN_ABOUT_RETURN_TYPE = YES_ERROR;
				GCC_WARN_UNDECLARED_SELECTOR = YES;
				GCC_WARN_UNINITIALIZED_AUTOS = YES_AGGRESSIVE;
				GCC_WARN_UNUSED_FUNCTION = YES;
				GCC_WARN_UNUSED_VARIABLE = YES;
				IPHONEOS_DEPLOYMENT_TARGET = 12.0;
				MTL_ENABLE_DEBUG_INFO = NO;
				MTL_FAST_MATH = YES;
				SDKROOT = iphoneos;
				SWIFT_COMPILATION_MODE = wholemodule;
				SWIFT_OPTIMIZATION_LEVEL = "-O";
				VALIDATE_PRODUCT = YES;
			};
			name = Release;
		};
		BE58C6AD2186D556000047AD /* Debug */ = {
			isa = XCBuildConfiguration;
			buildSettings = {
				ASSETCATALOG_COMPILER_APPICON_NAME = AppIcon;
				CODE_SIGN_STYLE = Automatic;
				INFOPLIST_FILE = todo_portfolio/Info.plist;
				LD_RUNPATH_SEARCH_PATHS = (
					"$(inherited)",
					"@executable_path/Frameworks",
				);
				PRODUCT_BUNDLE_IDENTIFIER = "project.todo-portfolio";
				PRODUCT_NAME = "$(TARGET_NAME)";
				SWIFT_VERSION = 4.2;
				TARGETED_DEVICE_FAMILY = "1,2";
			};
			name = Debug;
		};
		BE58C6AE2186D556000047AD /* Release */ = {
			isa = XCBuildConfiguration;
			buildSettings = {
				ASSETCATALOG_COMPILER_APPICON_NAME = AppIcon;
				CODE_SIGN_STYLE = Automatic;
				INFOPLIST_FILE = todo_portfolio/Info.plist;
				LD_RUNPATH_SEARCH_PATHS = (
					"$(inherited)",
					"@executable_path/Frameworks",
				);
				PRODUCT_BUNDLE_IDENTIFIER = "project.todo-portfolio";
				PRODUCT_NAME = "$(TARGET_NAME)";
				SWIFT_VERSION = 4.2;
				TARGETED_DEVICE_FAMILY = "1,2";
			};
			name = Release;
		};
		BE58C6B02186D556000047AD /* Debug */ = {
			isa = XCBuildConfiguration;
			buildSettings = {
				ALWAYS_EMBED_SWIFT_STANDARD_LIBRARIES = YES;
				BUNDLE_LOADER = "$(TEST_HOST)";
				CODE_SIGN_STYLE = Automatic;
				INFOPLIST_FILE = todo_portfolioTests/Info.plist;
				LD_RUNPATH_SEARCH_PATHS = (
					"$(inherited)",
					"@executable_path/Frameworks",
					"@loader_path/Frameworks",
				);
				PRODUCT_BUNDLE_IDENTIFIER = "project.todo-portfolioTests";
				PRODUCT_NAME = "$(TARGET_NAME)";
				SWIFT_VERSION = 4.2;
				TARGETED_DEVICE_FAMILY = "1,2";
				TEST_HOST = "$(BUILT_PRODUCTS_DIR)/todo_portfolio.app/todo_portfolio";
			};
			name = Debug;
		};
		BE58C6B12186D556000047AD /* Release */ = {
			isa = XCBuildConfiguration;
			buildSettings = {
				ALWAYS_EMBED_SWIFT_STANDARD_LIBRARIES = YES;
				BUNDLE_LOADER = "$(TEST_HOST)";
				CODE_SIGN_STYLE = Automatic;
				INFOPLIST_FILE = todo_portfolioTests/Info.plist;
				LD_RUNPATH_SEARCH_PATHS = (
					"$(inherited)",
					"@executable_path/Frameworks",
					"@loader_path/Frameworks",
				);
				PRODUCT_BUNDLE_IDENTIFIER = "project.todo-portfolioTests";
				PRODUCT_NAME = "$(TARGET_NAME)";
				SWIFT_VERSION = 4.2;
				TARGETED_DEVICE_FAMILY = "1,2";
				TEST_HOST = "$(BUILT_PRODUCTS_DIR)/todo_portfolio.app/todo_portfolio";
			};
			name = Release;
		};
		BE58C6B32186D556000047AD /* Debug */ = {
			isa = XCBuildConfiguration;
			buildSettings = {
				ALWAYS_EMBED_SWIFT_STANDARD_LIBRARIES = YES;
				CODE_SIGN_STYLE = Automatic;
				INFOPLIST_FILE = todo_portfolioUITests/Info.plist;
				LD_RUNPATH_SEARCH_PATHS = (
					"$(inherited)",
					"@executable_path/Frameworks",
					"@loader_path/Frameworks",
				);
				PRODUCT_BUNDLE_IDENTIFIER = "project.todo-portfolioUITests";
				PRODUCT_NAME = "$(TARGET_NAME)";
				SWIFT_VERSION = 4.2;
				TARGETED_DEVICE_FAMILY = "1,2";
				TEST_TARGET_NAME = todo_portfolio;
			};
			name = Debug;
		};
		BE58C6B42186D556000047AD /* Release */ = {
			isa = XCBuildConfiguration;
			buildSettings = {
				ALWAYS_EMBED_SWIFT_STANDARD_LIBRARIES = YES;
				CODE_SIGN_STYLE = Automatic;
				INFOPLIST_FILE = todo_portfolioUITests/Info.plist;
				LD_RUNPATH_SEARCH_PATHS = (
					"$(inherited)",
					"@executable_path/Frameworks",
					"@loader_path/Frameworks",
				);
				PRODUCT_BUNDLE_IDENTIFIER = "project.todo-portfolioUITests";
				PRODUCT_NAME = "$(TARGET_NAME)";
				SWIFT_VERSION = 4.2;
				TARGETED_DEVICE_FAMILY = "1,2";
				TEST_TARGET_NAME = todo_portfolio;
			};
			name = Release;
		};
/* End XCBuildConfiguration section */

/* Begin XCConfigurationList section */
		BE58C67F2186D554000047AD /* Build configuration list for PBXProject "todo_portfolio" */ = {
			isa = XCConfigurationList;
			buildConfigurations = (
				BE58C6AA2186D556000047AD /* Debug */,
				BE58C6AB2186D556000047AD /* Release */,
			);
			defaultConfigurationIsVisible = 0;
			defaultConfigurationName = Release;
		};
		BE58C6AC2186D556000047AD /* Build configuration list for PBXNativeTarget "todo_portfolio" */ = {
			isa = XCConfigurationList;
			buildConfigurations = (
				BE58C6AD2186D556000047AD /* Debug */,
				BE58C6AE2186D556000047AD /* Release */,
			);
			defaultConfigurationIsVisible = 0;
			defaultConfigurationName = Release;
		};
		BE58C6AF2186D556000047AD /* Build configuration list for PBXNativeTarget "todo_portfolioTests" */ = {
			isa = XCConfigurationList;
			buildConfigurations = (
				BE58C6B02186D556000047AD /* Debug */,
				BE58C6B12186D556000047AD /* Release */,
			);
			defaultConfigurationIsVisible = 0;
			defaultConfigurationName = Release;
		};
		BE58C6B22186D556000047AD /* Build configuration list for PBXNativeTarget "todo_portfolioUITests" */ = {
			isa = XCConfigurationList;
			buildConfigurations = (
				BE58C6B32186D556000047AD /* Debug */,
				BE58C6B42186D556000047AD /* Release */,
			);
			defaultConfigurationIsVisible = 0;
			defaultConfigurationName = Release;
		};
/* End XCConfigurationList section */
	};
	rootObject = BE58C67C2186D554000047AD /* Project object */;
}
